
Microsoft Visual Studio Solution File, Format Version 12.00
# Visual Studio Version 16
VisualStudioVersion = 16.0.29613.14
MinimumVisualStudioVersion = 10.0.40219.1
Project("{FAE04EC0-301F-11D3-BF4B-00C04F79EFBC}") = "PivotPointCalculation", "PivotPointCalculation.csproj", "{6D6BBD6D-B0E1-4645-93D3-5B4296C5074D}"
EndProject
Global
	GlobalSection(SolutionConfigurationPlatforms) = preSolution
		Debug|Any CPU = Debug|Any CPU
		Release|Any CPU = Release|Any CPU
	EndGlobalSection
	GlobalSection(ProjectConfigurationPlatforms) = postSolution
		{6D6BBD6D-B0E1-4645-93D3-5B4296C5074D}.Debug|Any CPU.ActiveCfg = Debug|Any CPU
		{6D6BBD6D-B0E1-4645-93D3-5B4296C5074D}.Debug|Any CPU.Build.0 = Debug|Any CPU
		{6D6BBD6D-B0E1-4645-93D3-5B4296C5074D}.Release|Any CPU.ActiveCfg = Release|Any CPU
		{6D6BBD6D-B0E1-4645-93D3-5B4296C5074D}.Release|Any CPU.Build.0 = Release|Any CPU
	EndGlobalSection
	GlobalSection(SolutionProperties) = preSolution
		HideSolutionNode = FALSE
	EndGlobalSection
	GlobalSection(ExtensibilityGlobals) = postSolution
		SolutionGuid = {4D8ACA1D-9A4E-4FCC-89FA-E543785AA3F0}
	EndGlobalSection
EndGlobal
